// !$*UTF8*$!
{
	archiveVersion = 1;
	classes = {
	};
	objectVersion = 46;
	objects = {

/* Begin PBXBuildFile section */
		C54DD0A01F039CD800E8CDFA /* main.m in Sources */ = {isa = PBXBuildFile; fileRef = C54DD09F1F039CD800E8CDFA /* main.m */; };
		C54DD0A31F039CD800E8CDFA /* AppDelegate.m in Sources */ = {isa = PBXBuildFile; fileRef = C54DD0A21F039CD800E8CDFA /* AppDelegate.m */; };
		C54DD0A61F039CD800E8CDFA /* MKDemo_VC.m in Sources */ = {isa = PBXBuildFile; fileRef = C54DD0A51F039CD800E8CDFA /* MKDemo_VC.m */; };
		C54DD0A91F039CD800E8CDFA /* Main.storyboard in Resources */ = {isa = PBXBuildFile; fileRef = C54DD0A71F039CD800E8CDFA /* Main.storyboard */; };
		C54DD0AB1F039CD800E8CDFA /* Assets.xcassets in Resources */ = {isa = PBXBuildFile; fileRef = C54DD0AA1F039CD800E8CDFA /* Assets.xcassets */; };
		C54DD0AE1F039CD800E8CDFA /* LaunchScreen.storyboard in Resources */ = {isa = PBXBuildFile; fileRef = C54DD0AC1F039CD800E8CDFA /* LaunchScreen.storyboard */; };
		C54DD0B91F039CD900E8CDFA /* MKRouterDemoTests.m in Sources */ = {isa = PBXBuildFile; fileRef = C54DD0B81F039CD900E8CDFA /* MKRouterDemoTests.m */; };
		C54DD0C41F039CD900E8CDFA /* MKRouterDemoUITests.m in Sources */ = {isa = PBXBuildFile; fileRef = C54DD0C31F039CD900E8CDFA /* MKRouterDemoUITests.m */; };
		C54DD10C1F064D3C00E8CDFA /* MJExtensionConst.m in Sources */ = {isa = PBXBuildFile; fileRef = C54DD0F91F064D3C00E8CDFA /* MJExtensionConst.m */; };
		C54DD10D1F064D3C00E8CDFA /* MJFoundation.m in Sources */ = {isa = PBXBuildFile; fileRef = C54DD0FB1F064D3C00E8CDFA /* MJFoundation.m */; };
		C54DD10E1F064D3C00E8CDFA /* MJProperty.m in Sources */ = {isa = PBXBuildFile; fileRef = C54DD0FD1F064D3C00E8CDFA /* MJProperty.m */; };
		C54DD10F1F064D3C00E8CDFA /* MJPropertyKey.m in Sources */ = {isa = PBXBuildFile; fileRef = C54DD0FF1F064D3C00E8CDFA /* MJPropertyKey.m */; };
		C54DD1101F064D3C00E8CDFA /* MJPropertyType.m in Sources */ = {isa = PBXBuildFile; fileRef = C54DD1011F064D3C00E8CDFA /* MJPropertyType.m */; };
		C54DD1111F064D3C00E8CDFA /* NSObject+MJClass.m in Sources */ = {isa = PBXBuildFile; fileRef = C54DD1031F064D3C00E8CDFA /* NSObject+MJClass.m */; };
		C54DD1121F064D3C00E8CDFA /* NSObject+MJCoding.m in Sources */ = {isa = PBXBuildFile; fileRef = C54DD1051F064D3C00E8CDFA /* NSObject+MJCoding.m */; };
		C54DD1131F064D3C00E8CDFA /* NSObject+MJKeyValue.m in Sources */ = {isa = PBXBuildFile; fileRef = C54DD1071F064D3C00E8CDFA /* NSObject+MJKeyValue.m */; };
		C54DD1141F064D3C00E8CDFA /* NSObject+MJProperty.m in Sources */ = {isa = PBXBuildFile; fileRef = C54DD1091F064D3C00E8CDFA /* NSObject+MJProperty.m */; };
		C54DD1151F064D3C00E8CDFA /* NSString+MJExtension.m in Sources */ = {isa = PBXBuildFile; fileRef = C54DD10B1F064D3C00E8CDFA /* NSString+MJExtension.m */; };
		C56DD4ED1F0CBC0A00018F58 /* MKRouter.m in Sources */ = {isa = PBXBuildFile; fileRef = C56DD4EC1F0CBC0A00018F58 /* MKRouter.m */; };
		C56DD4F31F0CBC1C00018F58 /* MKRouterHelper.m in Sources */ = {isa = PBXBuildFile; fileRef = C56DD4F01F0CBC1C00018F58 /* MKRouterHelper.m */; };
		C56DD4F41F0CBC1C00018F58 /* MKUITools.m in Sources */ = {isa = PBXBuildFile; fileRef = C56DD4F21F0CBC1C00018F58 /* MKUITools.m */; };
		C56DD5061F0CBF7600018F58 /* MKBase_VC.m in Sources */ = {isa = PBXBuildFile; fileRef = C56DD5011F0CBF7600018F58 /* MKBase_VC.m */; };
		C56DD5071F0CBF7600018F58 /* MKBlue_VC.m in Sources */ = {isa = PBXBuildFile; fileRef = C56DD5031F0CBF7600018F58 /* MKBlue_VC.m */; };
		C56DD5081F0CBF7600018F58 /* MKRed_VC.m in Sources */ = {isa = PBXBuildFile; fileRef = C56DD5051F0CBF7600018F58 /* MKRed_VC.m */; };
		C56DD50B1F0CBFAC00018F58 /* MKSBGreen_VC.m in Sources */ = {isa = PBXBuildFile; fileRef = C56DD50A1F0CBFAC00018F58 /* MKSBGreen_VC.m */; };
		C56DD50E1F0CBFC800018F58 /* MKSBGray_VC.m in Sources */ = {isa = PBXBuildFile; fileRef = C56DD50D1F0CBFC800018F58 /* MKSBGray_VC.m */; };
		C56DD5111F0CD5C200018F58 /* MKTestModel.m in Sources */ = {isa = PBXBuildFile; fileRef = C56DD5101F0CD5C200018F58 /* MKTestModel.m */; };
		C56DD5141F0CDD6000018F58 /* NSObject+MKJsonAdd.m in Sources */ = {isa = PBXBuildFile; fileRef = C56DD5131F0CDD6000018F58 /* NSObject+MKJsonAdd.m */; };
		C56DD5211F0F89A500018F58 /* MKWebView_VC.m in Sources */ = {isa = PBXBuildFile; fileRef = C56DD5201F0F89A500018F58 /* MKWebView_VC.m */; };
/* End PBXBuildFile section */

/* Begin PBXContainerItemProxy section */
		C54DD0B51F039CD900E8CDFA /* PBXContainerItemProxy */ = {
			isa = PBXContainerItemProxy;
			containerPortal = C54DD0931F039CD800E8CDFA /* Project object */;
			proxyType = 1;
			remoteGlobalIDString = C54DD09A1F039CD800E8CDFA;
			remoteInfo = MKRouterDemo;
		};
		C54DD0C01F039CD900E8CDFA /* PBXContainerItemProxy */ = {
			isa = PBXContainerItemProxy;
			containerPortal = C54DD0931F039CD800E8CDFA /* Project object */;
			proxyType = 1;
			remoteGlobalIDString = C54DD09A1F039CD800E8CDFA;
			remoteInfo = MKRouterDemo;
		};
/* End PBXContainerItemProxy section */

/* Begin PBXFileReference section */
		C54DD09B1F039CD800E8CDFA /* MKRouterDemo.app */ = {isa = PBXFileReference; explicitFileType = wrapper.application; includeInIndex = 0; path = MKRouterDemo.app; sourceTree = BUILT_PRODUCTS_DIR; };
		C54DD09F1F039CD800E8CDFA /* main.m */ = {isa = PBXFileReference; lastKnownFileType = sourcecode.c.objc; path = main.m; sourceTree = "<group>"; };
		C54DD0A11F039CD800E8CDFA /* AppDelegate.h */ = {isa = PBXFileReference; lastKnownFileType = sourcecode.c.h; path = AppDelegate.h; sourceTree = "<group>"; };
		C54DD0A21F039CD800E8CDFA /* AppDelegate.m */ = {isa = PBXFileReference; lastKnownFileType = sourcecode.c.objc; path = AppDelegate.m; sourceTree = "<group>"; };
		C54DD0A41F039CD800E8CDFA /* MKDemo_VC.h */ = {isa = PBXFileReference; lastKnownFileType = sourcecode.c.h; path = MKDemo_VC.h; sourceTree = "<group>"; };
		C54DD0A51F039CD800E8CDFA /* MKDemo_VC.m */ = {isa = PBXFileReference; lastKnownFileType = sourcecode.c.objc; path = MKDemo_VC.m; sourceTree = "<group>"; };
		C54DD0A81F039CD800E8CDFA /* Base */ = {isa = PBXFileReference; lastKnownFileType = file.storyboard; name = Base; path = Base.lproj/Main.storyboard; sourceTree = "<group>"; };
		C54DD0AA1F039CD800E8CDFA /* Assets.xcassets */ = {isa = PBXFileReference; lastKnownFileType = folder.assetcatalog; path = Assets.xcassets; sourceTree = "<group>"; };
		C54DD0AD1F039CD800E8CDFA /* Base */ = {isa = PBXFileReference; lastKnownFileType = file.storyboard; name = Base; path = Base.lproj/LaunchScreen.storyboard; sourceTree = "<group>"; };
		C54DD0AF1F039CD800E8CDFA /* Info.plist */ = {isa = PBXFileReference; lastKnownFileType = text.plist.xml; path = Info.plist; sourceTree = "<group>"; };
		C54DD0B41F039CD900E8CDFA /* MKRouterDemoTests.xctest */ = {isa = PBXFileReference; explicitFileType = wrapper.cfbundle; includeInIndex = 0; path = MKRouterDemoTests.xctest; sourceTree = BUILT_PRODUCTS_DIR; };
		C54DD0B81F039CD900E8CDFA /* MKRouterDemoTests.m */ = {isa = PBXFileReference; lastKnownFileType = sourcecode.c.objc; path = MKRouterDemoTests.m; sourceTree = "<group>"; };
		C54DD0BA1F039CD900E8CDFA /* Info.plist */ = {isa = PBXFileReference; lastKnownFileType = text.plist.xml; path = Info.plist; sourceTree = "<group>"; };
		C54DD0BF1F039CD900E8CDFA /* MKRouterDemoUITests.xctest */ = {isa = PBXFileReference; explicitFileType = wrapper.cfbundle; includeInIndex = 0; path = MKRouterDemoUITests.xctest; sourceTree = BUILT_PRODUCTS_DIR; };
		C54DD0C31F039CD900E8CDFA /* MKRouterDemoUITests.m */ = {isa = PBXFileReference; lastKnownFileType = sourcecode.c.objc; path = MKRouterDemoUITests.m; sourceTree = "<group>"; };
		C54DD0C51F039CD900E8CDFA /* Info.plist */ = {isa = PBXFileReference; lastKnownFileType = text.plist.xml; path = Info.plist; sourceTree = "<group>"; };
		C54DD0EF1F05FF6700E8CDFA /* MKConst.h */ = {isa = PBXFileReference; fileEncoding = 4; lastKnownFileType = sourcecode.c.h; path = MKConst.h; sourceTree = "<group>"; };
		C54DD0F71F064D3C00E8CDFA /* MJExtension.h */ = {isa = PBXFileReference; fileEncoding = 4; lastKnownFileType = sourcecode.c.h; path = MJExtension.h; sourceTree = "<group>"; };
		C54DD0F81F064D3C00E8CDFA /* MJExtensionConst.h */ = {isa = PBXFileReference; fileEncoding = 4; lastKnownFileType = sourcecode.c.h; path = MJExtensionConst.h; sourceTree = "<group>"; };
		C54DD0F91F064D3C00E8CDFA /* MJExtensionConst.m */ = {isa = PBXFileReference; fileEncoding = 4; lastKnownFileType = sourcecode.c.objc; path = MJExtensionConst.m; sourceTree = "<group>"; };
		C54DD0FA1F064D3C00E8CDFA /* MJFoundation.h */ = {isa = PBXFileReference; fileEncoding = 4; lastKnownFileType = sourcecode.c.h; path = MJFoundation.h; sourceTree = "<group>"; };
		C54DD0FB1F064D3C00E8CDFA /* MJFoundation.m */ = {isa = PBXFileReference; fileEncoding = 4; lastKnownFileType = sourcecode.c.objc; path = MJFoundation.m; sourceTree = "<group>"; };
		C54DD0FC1F064D3C00E8CDFA /* MJProperty.h */ = {isa = PBXFileReference; fileEncoding = 4; lastKnownFileType = sourcecode.c.h; path = MJProperty.h; sourceTree = "<group>"; };
		C54DD0FD1F064D3C00E8CDFA /* MJProperty.m */ = {isa = PBXFileReference; fileEncoding = 4; lastKnownFileType = sourcecode.c.objc; path = MJProperty.m; sourceTree = "<group>"; };
		C54DD0FE1F064D3C00E8CDFA /* MJPropertyKey.h */ = {isa = PBXFileReference; fileEncoding = 4; lastKnownFileType = sourcecode.c.h; path = MJPropertyKey.h; sourceTree = "<group>"; };
		C54DD0FF1F064D3C00E8CDFA /* MJPropertyKey.m */ = {isa = PBXFileReference; fileEncoding = 4; lastKnownFileType = sourcecode.c.objc; path = MJPropertyKey.m; sourceTree = "<group>"; };
		C54DD1001F064D3C00E8CDFA /* MJPropertyType.h */ = {isa = PBXFileReference; fileEncoding = 4; lastKnownFileType = sourcecode.c.h; path = MJPropertyType.h; sourceTree = "<group>"; };
		C54DD1011F064D3C00E8CDFA /* MJPropertyType.m */ = {isa = PBXFileReference; fileEncoding = 4; lastKnownFileType = sourcecode.c.objc; path = MJPropertyType.m; sourceTree = "<group>"; };
		C54DD1021F064D3C00E8CDFA /* NSObject+MJClass.h */ = {isa = PBXFileReference; fileEncoding = 4; lastKnownFileType = sourcecode.c.h; path = "NSObject+MJClass.h"; sourceTree = "<group>"; };
		C54DD1031F064D3C00E8CDFA /* NSObject+MJClass.m */ = {isa = PBXFileReference; fileEncoding = 4; lastKnownFileType = sourcecode.c.objc; path = "NSObject+MJClass.m"; sourceTree = "<group>"; };
		C54DD1041F064D3C00E8CDFA /* NSObject+MJCoding.h */ = {isa = PBXFileReference; fileEncoding = 4; lastKnownFileType = sourcecode.c.h; path = "NSObject+MJCoding.h"; sourceTree = "<group>"; };
		C54DD1051F064D3C00E8CDFA /* NSObject+MJCoding.m */ = {isa = PBXFileReference; fileEncoding = 4; lastKnownFileType = sourcecode.c.objc; path = "NSObject+MJCoding.m"; sourceTree = "<group>"; };
		C54DD1061F064D3C00E8CDFA /* NSObject+MJKeyValue.h */ = {isa = PBXFileReference; fileEncoding = 4; lastKnownFileType = sourcecode.c.h; path = "NSObject+MJKeyValue.h"; sourceTree = "<group>"; };
		C54DD1071F064D3C00E8CDFA /* NSObject+MJKeyValue.m */ = {isa = PBXFileReference; fileEncoding = 4; lastKnownFileType = sourcecode.c.objc; path = "NSObject+MJKeyValue.m"; sourceTree = "<group>"; };
		C54DD1081F064D3C00E8CDFA /* NSObject+MJProperty.h */ = {isa = PBXFileReference; fileEncoding = 4; lastKnownFileType = sourcecode.c.h; path = "NSObject+MJProperty.h"; sourceTree = "<group>"; };
		C54DD1091F064D3C00E8CDFA /* NSObject+MJProperty.m */ = {isa = PBXFileReference; fileEncoding = 4; lastKnownFileType = sourcecode.c.objc; path = "NSObject+MJProperty.m"; sourceTree = "<group>"; };
		C54DD10A1F064D3C00E8CDFA /* NSString+MJExtension.h */ = {isa = PBXFileReference; fileEncoding = 4; lastKnownFileType = sourcecode.c.h; path = "NSString+MJExtension.h"; sourceTree = "<group>"; };
		C54DD10B1F064D3C00E8CDFA /* NSString+MJExtension.m */ = {isa = PBXFileReference; fileEncoding = 4; lastKnownFileType = sourcecode.c.objc; path = "NSString+MJExtension.m"; sourceTree = "<group>"; };
		C56DD4EB1F0CBC0A00018F58 /* MKRouter.h */ = {isa = PBXFileReference; fileEncoding = 4; lastKnownFileType = sourcecode.c.h; path = MKRouter.h; sourceTree = "<group>"; };
		C56DD4EC1F0CBC0A00018F58 /* MKRouter.m */ = {isa = PBXFileReference; fileEncoding = 4; lastKnownFileType = sourcecode.c.objc; path = MKRouter.m; sourceTree = "<group>"; };
		C56DD4EF1F0CBC1C00018F58 /* MKRouterHelper.h */ = {isa = PBXFileReference; fileEncoding = 4; lastKnownFileType = sourcecode.c.h; path = MKRouterHelper.h; sourceTree = "<group>"; };
		C56DD4F01F0CBC1C00018F58 /* MKRouterHelper.m */ = {isa = PBXFileReference; fileEncoding = 4; lastKnownFileType = sourcecode.c.objc; path = MKRouterHelper.m; sourceTree = "<group>"; };
		C56DD4F11F0CBC1C00018F58 /* MKUITools.h */ = {isa = PBXFileReference; fileEncoding = 4; lastKnownFileType = sourcecode.c.h; path = MKUITools.h; sourceTree = "<group>"; };
		C56DD4F21F0CBC1C00018F58 /* MKUITools.m */ = {isa = PBXFileReference; fileEncoding = 4; lastKnownFileType = sourcecode.c.objc; path = MKUITools.m; sourceTree = "<group>"; };
		C56DD5001F0CBF7600018F58 /* MKBase_VC.h */ = {isa = PBXFileReference; fileEncoding = 4; lastKnownFileType = sourcecode.c.h; path = MKBase_VC.h; sourceTree = "<group>"; };
		C56DD5011F0CBF7600018F58 /* MKBase_VC.m */ = {isa = PBXFileReference; fileEncoding = 4; lastKnownFileType = sourcecode.c.objc; path = MKBase_VC.m; sourceTree = "<group>"; };
		C56DD5021F0CBF7600018F58 /* MKBlue_VC.h */ = {isa = PBXFileReference; fileEncoding = 4; lastKnownFileType = sourcecode.c.h; path = MKBlue_VC.h; sourceTree = "<group>"; };
		C56DD5031F0CBF7600018F58 /* MKBlue_VC.m */ = {isa = PBXFileReference; fileEncoding = 4; lastKnownFileType = sourcecode.c.objc; path = MKBlue_VC.m; sourceTree = "<group>"; };
		C56DD5041F0CBF7600018F58 /* MKRed_VC.h */ = {isa = PBXFileReference; fileEncoding = 4; lastKnownFileType = sourcecode.c.h; path = MKRed_VC.h; sourceTree = "<group>"; };
		C56DD5051F0CBF7600018F58 /* MKRed_VC.m */ = {isa = PBXFileReference; fileEncoding = 4; lastKnownFileType = sourcecode.c.objc; path = MKRed_VC.m; sourceTree = "<group>"; };
		C56DD5091F0CBFAC00018F58 /* MKSBGreen_VC.h */ = {isa = PBXFileReference; fileEncoding = 4; lastKnownFileType = sourcecode.c.h; path = MKSBGreen_VC.h; sourceTree = "<group>"; };
		C56DD50A1F0CBFAC00018F58 /* MKSBGreen_VC.m */ = {isa = PBXFileReference; fileEncoding = 4; lastKnownFileType = sourcecode.c.objc; path = MKSBGreen_VC.m; sourceTree = "<group>"; };
		C56DD50C1F0CBFC800018F58 /* MKSBGray_VC.h */ = {isa = PBXFileReference; fileEncoding = 4; lastKnownFileType = sourcecode.c.h; path = MKSBGray_VC.h; sourceTree = "<group>"; };
		C56DD50D1F0CBFC800018F58 /* MKSBGray_VC.m */ = {isa = PBXFileReference; fileEncoding = 4; lastKnownFileType = sourcecode.c.objc; path = MKSBGray_VC.m; sourceTree = "<group>"; };
		C56DD50F1F0CD5C200018F58 /* MKTestModel.h */ = {isa = PBXFileReference; fileEncoding = 4; lastKnownFileType = sourcecode.c.h; path = MKTestModel.h; sourceTree = "<group>"; };
		C56DD5101F0CD5C200018F58 /* MKTestModel.m */ = {isa = PBXFileReference; fileEncoding = 4; lastKnownFileType = sourcecode.c.objc; path = MKTestModel.m; sourceTree = "<group>"; };
		C56DD5121F0CDD6000018F58 /* NSObject+MKJsonAdd.h */ = {isa = PBXFileReference; fileEncoding = 4; lastKnownFileType = sourcecode.c.h; path = "NSObject+MKJsonAdd.h"; sourceTree = "<group>"; };
		C56DD5131F0CDD6000018F58 /* NSObject+MKJsonAdd.m */ = {isa = PBXFileReference; fileEncoding = 4; lastKnownFileType = sourcecode.c.objc; path = "NSObject+MKJsonAdd.m"; sourceTree = "<group>"; };
		C56DD51F1F0F89A500018F58 /* MKWebView_VC.h */ = {isa = PBXFileReference; fileEncoding = 4; lastKnownFileType = sourcecode.c.h; path = MKWebView_VC.h; sourceTree = "<group>"; };
		C56DD5201F0F89A500018F58 /* MKWebView_VC.m */ = {isa = PBXFileReference; fileEncoding = 4; lastKnownFileType = sourcecode.c.objc; path = MKWebView_VC.m; sourceTree = "<group>"; };
/* End PBXFileReference section */

/* Begin PBXFrameworksBuildPhase section */
		C54DD0981F039CD800E8CDFA /* Frameworks */ = {
			isa = PBXFrameworksBuildPhase;
			buildActionMask = 2147483647;
			files = (
			);
			runOnlyForDeploymentPostprocessing = 0;
		};
		C54DD0B11F039CD900E8CDFA /* Frameworks */ = {
			isa = PBXFrameworksBuildPhase;
			buildActionMask = 2147483647;
			files = (
			);
			runOnlyForDeploymentPostprocessing = 0;
		};
		C54DD0BC1F039CD900E8CDFA /* Frameworks */ = {
			isa = PBXFrameworksBuildPhase;
			buildActionMask = 2147483647;
			files = (
			);
			runOnlyForDeploymentPostprocessing = 0;
		};
/* End PBXFrameworksBuildPhase section */

/* Begin PBXGroup section */
		C54DD0921F039CD800E8CDFA = {
			isa = PBXGroup;
			children = (
				C54DD09D1F039CD800E8CDFA /* MKRouterDemo */,
				C54DD0B71F039CD900E8CDFA /* MKRouterDemoTests */,
				C54DD0C21F039CD900E8CDFA /* MKRouterDemoUITests */,
				C54DD09C1F039CD800E8CDFA /* Products */,
			);
			sourceTree = "<group>";
		};
		C54DD09C1F039CD800E8CDFA /* Products */ = {
			isa = PBXGroup;
			children = (
				C54DD09B1F039CD800E8CDFA /* MKRouterDemo.app */,
				C54DD0B41F039CD900E8CDFA /* MKRouterDemoTests.xctest */,
				C54DD0BF1F039CD900E8CDFA /* MKRouterDemoUITests.xctest */,
			);
			name = Products;
			sourceTree = "<group>";
		};
		C54DD09D1F039CD800E8CDFA /* MKRouterDemo */ = {
			isa = PBXGroup;
			children = (
				C56DD4FF1F0CBF7600018F58 /* ViewController */,
				C56DD4EA1F0CBC0A00018F58 /* MKRouter */,
				C56DD4EE1F0CBC1C00018F58 /* MKRouterHelper */,
				C54DD0F61F064D3C00E8CDFA /* MJExtension */,
				C54DD0D11F039E6E00E8CDFA /* Origin */,
				C54DD09E1F039CD800E8CDFA /* Supporting Files */,
			);
			path = MKRouterDemo;
			sourceTree = "<group>";
		};
		C54DD09E1F039CD800E8CDFA /* Supporting Files */ = {
			isa = PBXGroup;
			children = (
				C54DD09F1F039CD800E8CDFA /* main.m */,
			);
			name = "Supporting Files";
			sourceTree = "<group>";
		};
		C54DD0B71F039CD900E8CDFA /* MKRouterDemoTests */ = {
			isa = PBXGroup;
			children = (
				C54DD0B81F039CD900E8CDFA /* MKRouterDemoTests.m */,
				C54DD0BA1F039CD900E8CDFA /* Info.plist */,
			);
			path = MKRouterDemoTests;
			sourceTree = "<group>";
		};
		C54DD0C21F039CD900E8CDFA /* MKRouterDemoUITests */ = {
			isa = PBXGroup;
			children = (
				C54DD0C31F039CD900E8CDFA /* MKRouterDemoUITests.m */,
				C54DD0C51F039CD900E8CDFA /* Info.plist */,
			);
			path = MKRouterDemoUITests;
			sourceTree = "<group>";
		};
		C54DD0D11F039E6E00E8CDFA /* Origin */ = {
			isa = PBXGroup;
			children = (
				C54DD0A11F039CD800E8CDFA /* AppDelegate.h */,
				C54DD0A21F039CD800E8CDFA /* AppDelegate.m */,
				C54DD0A41F039CD800E8CDFA /* MKDemo_VC.h */,
				C54DD0A51F039CD800E8CDFA /* MKDemo_VC.m */,
				C54DD0A71F039CD800E8CDFA /* Main.storyboard */,
				C54DD0AA1F039CD800E8CDFA /* Assets.xcassets */,
				C54DD0AC1F039CD800E8CDFA /* LaunchScreen.storyboard */,
				C54DD0AF1F039CD800E8CDFA /* Info.plist */,
				C54DD0EF1F05FF6700E8CDFA /* MKConst.h */,
				C56DD50F1F0CD5C200018F58 /* MKTestModel.h */,
				C56DD5101F0CD5C200018F58 /* MKTestModel.m */,
			);
			name = Origin;
			sourceTree = "<group>";
		};
		C54DD0F61F064D3C00E8CDFA /* MJExtension */ = {
			isa = PBXGroup;
			children = (
				C54DD0F71F064D3C00E8CDFA /* MJExtension.h */,
				C54DD0F81F064D3C00E8CDFA /* MJExtensionConst.h */,
				C54DD0F91F064D3C00E8CDFA /* MJExtensionConst.m */,
				C54DD0FA1F064D3C00E8CDFA /* MJFoundation.h */,
				C54DD0FB1F064D3C00E8CDFA /* MJFoundation.m */,
				C54DD0FC1F064D3C00E8CDFA /* MJProperty.h */,
				C54DD0FD1F064D3C00E8CDFA /* MJProperty.m */,
				C54DD0FE1F064D3C00E8CDFA /* MJPropertyKey.h */,
				C54DD0FF1F064D3C00E8CDFA /* MJPropertyKey.m */,
				C54DD1001F064D3C00E8CDFA /* MJPropertyType.h */,
				C54DD1011F064D3C00E8CDFA /* MJPropertyType.m */,
				C54DD1021F064D3C00E8CDFA /* NSObject+MJClass.h */,
				C54DD1031F064D3C00E8CDFA /* NSObject+MJClass.m */,
				C54DD1041F064D3C00E8CDFA /* NSObject+MJCoding.h */,
				C54DD1051F064D3C00E8CDFA /* NSObject+MJCoding.m */,
				C54DD1061F064D3C00E8CDFA /* NSObject+MJKeyValue.h */,
				C54DD1071F064D3C00E8CDFA /* NSObject+MJKeyValue.m */,
				C54DD1081F064D3C00E8CDFA /* NSObject+MJProperty.h */,
				C54DD1091F064D3C00E8CDFA /* NSObject+MJProperty.m */,
				C54DD10A1F064D3C00E8CDFA /* NSString+MJExtension.h */,
				C54DD10B1F064D3C00E8CDFA /* NSString+MJExtension.m */,
			);
			path = MJExtension;
			sourceTree = "<group>";
		};
		C56DD4EA1F0CBC0A00018F58 /* MKRouter */ = {
			isa = PBXGroup;
			children = (
				C56DD4EB1F0CBC0A00018F58 /* MKRouter.h */,
				C56DD4EC1F0CBC0A00018F58 /* MKRouter.m */,
			);
			path = MKRouter;
			sourceTree = "<group>";
		};
		C56DD4EE1F0CBC1C00018F58 /* MKRouterHelper */ = {
			isa = PBXGroup;
			children = (
				C56DD4EF1F0CBC1C00018F58 /* MKRouterHelper.h */,
				C56DD4F01F0CBC1C00018F58 /* MKRouterHelper.m */,
				C56DD4F11F0CBC1C00018F58 /* MKUITools.h */,
				C56DD4F21F0CBC1C00018F58 /* MKUITools.m */,
				C56DD5121F0CDD6000018F58 /* NSObject+MKJsonAdd.h */,
				C56DD5131F0CDD6000018F58 /* NSObject+MKJsonAdd.m */,
			);
			path = MKRouterHelper;
			sourceTree = "<group>";
		};
		C56DD4FF1F0CBF7600018F58 /* ViewController */ = {
			isa = PBXGroup;
			children = (
				C56DD5001F0CBF7600018F58 /* MKBase_VC.h */,
				C56DD5011F0CBF7600018F58 /* MKBase_VC.m */,
				C56DD5021F0CBF7600018F58 /* MKBlue_VC.h */,
				C56DD5031F0CBF7600018F58 /* MKBlue_VC.m */,
				C56DD5041F0CBF7600018F58 /* MKRed_VC.h */,
				C56DD5051F0CBF7600018F58 /* MKRed_VC.m */,
				C56DD5091F0CBFAC00018F58 /* MKSBGreen_VC.h */,
				C56DD50A1F0CBFAC00018F58 /* MKSBGreen_VC.m */,
				C56DD50C1F0CBFC800018F58 /* MKSBGray_VC.h */,
				C56DD50D1F0CBFC800018F58 /* MKSBGray_VC.m */,
				C56DD51F1F0F89A500018F58 /* MKWebView_VC.h */,
				C56DD5201F0F89A500018F58 /* MKWebView_VC.m */,
			);
			path = ViewController;
			sourceTree = "<group>";
		};
/* End PBXGroup section */

/* Begin PBXNativeTarget section */
		C54DD09A1F039CD800E8CDFA /* MKRouterDemo */ = {
			isa = PBXNativeTarget;
			buildConfigurationList = C54DD0C81F039CD900E8CDFA /* Build configuration list for PBXNativeTarget "MKRouterDemo" */;
			buildPhases = (
				C54DD0971F039CD800E8CDFA /* Sources */,
				C54DD0981F039CD800E8CDFA /* Frameworks */,
				C54DD0991F039CD800E8CDFA /* Resources */,
			);
			buildRules = (
			);
			dependencies = (
			);
			name = MKRouterDemo;
			productName = MKRouterDemo;
			productReference = C54DD09B1F039CD800E8CDFA /* MKRouterDemo.app */;
			productType = "com.apple.product-type.application";
		};
		C54DD0B31F039CD900E8CDFA /* MKRouterDemoTests */ = {
			isa = PBXNativeTarget;
			buildConfigurationList = C54DD0CB1F039CD900E8CDFA /* Build configuration list for PBXNativeTarget "MKRouterDemoTests" */;
			buildPhases = (
				C54DD0B01F039CD900E8CDFA /* Sources */,
				C54DD0B11F039CD900E8CDFA /* Frameworks */,
				C54DD0B21F039CD900E8CDFA /* Resources */,
			);
			buildRules = (
			);
			dependencies = (
				C54DD0B61F039CD900E8CDFA /* PBXTargetDependency */,
			);
			name = MKRouterDemoTests;
			productName = MKRouterDemoTests;
			productReference = C54DD0B41F039CD900E8CDFA /* MKRouterDemoTests.xctest */;
			productType = "com.apple.product-type.bundle.unit-test";
		};
		C54DD0BE1F039CD900E8CDFA /* MKRouterDemoUITests */ = {
			isa = PBXNativeTarget;
			buildConfigurationList = C54DD0CE1F039CD900E8CDFA /* Build configuration list for PBXNativeTarget "MKRouterDemoUITests" */;
			buildPhases = (
				C54DD0BB1F039CD900E8CDFA /* Sources */,
				C54DD0BC1F039CD900E8CDFA /* Frameworks */,
				C54DD0BD1F039CD900E8CDFA /* Resources */,
			);
			buildRules = (
			);
			dependencies = (
				C54DD0C11F039CD900E8CDFA /* PBXTargetDependency */,
			);
			name = MKRouterDemoUITests;
			productName = MKRouterDemoUITests;
			productReference = C54DD0BF1F039CD900E8CDFA /* MKRouterDemoUITests.xctest */;
			productType = "com.apple.product-type.bundle.ui-testing";
		};
/* End PBXNativeTarget section */

/* Begin PBXProject section */
		C54DD0931F039CD800E8CDFA /* Project object */ = {
			isa = PBXProject;
			attributes = {
				LastUpgradeCheck = 0830;
				ORGANIZATIONNAME = mk;
				TargetAttributes = {
					C54DD09A1F039CD800E8CDFA = {
						CreatedOnToolsVersion = 8.3.3;
						DevelopmentTeam = SU5VNK39CL;
						ProvisioningStyle = Automatic;
					};
					C54DD0B31F039CD900E8CDFA = {
						CreatedOnToolsVersion = 8.3.3;
						ProvisioningStyle = Automatic;
						TestTargetID = C54DD09A1F039CD800E8CDFA;
					};
					C54DD0BE1F039CD900E8CDFA = {
						CreatedOnToolsVersion = 8.3.3;
						ProvisioningStyle = Automatic;
						TestTargetID = C54DD09A1F039CD800E8CDFA;
					};
				};
			};
			buildConfigurationList = C54DD0961F039CD800E8CDFA /* Build configuration list for PBXProject "MKRouterDemo" */;
			compatibilityVersion = "Xcode 3.2";
			developmentRegion = English;
			hasScannedForEncodings = 0;
			knownRegions = (
				en,
				Base,
			);
			mainGroup = C54DD0921F039CD800E8CDFA;
			productRefGroup = C54DD09C1F039CD800E8CDFA /* Products */;
			projectDirPath = "";
			projectRoot = "";
			targets = (
				C54DD09A1F039CD800E8CDFA /* MKRouterDemo */,
				C54DD0B31F039CD900E8CDFA /* MKRouterDemoTests */,
				C54DD0BE1F039CD900E8CDFA /* MKRouterDemoUITests */,
			);
		};
/* End PBXProject section */

/* Begin PBXResourcesBuildPhase section */
		C54DD0991F039CD800E8CDFA /* Resources */ = {
			isa = PBXResourcesBuildPhase;
			buildActionMask = 2147483647;
			files = (
				C54DD0AE1F039CD800E8CDFA /* LaunchScreen.storyboard in Resources */,
				C54DD0AB1F039CD800E8CDFA /* Assets.xcassets in Resources */,
				C54DD0A91F039CD800E8CDFA /* Main.storyboard in Resources */,
			);
			runOnlyForDeploymentPostprocessing = 0;
		};
		C54DD0B21F039CD900E8CDFA /* Resources */ = {
			isa = PBXResourcesBuildPhase;
			buildActionMask = 2147483647;
			files = (
			);
			runOnlyForDeploymentPostprocessing = 0;
		};
		C54DD0BD1F039CD900E8CDFA /* Resources */ = {
			isa = PBXResourcesBuildPhase;
			buildActionMask = 2147483647;
			files = (
			);
			runOnlyForDeploymentPostprocessing = 0;
		};
/* End PBXResourcesBuildPhase section */

/* Begin PBXSourcesBuildPhase section */
		C54DD0971F039CD800E8CDFA /* Sources */ = {
			isa = PBXSourcesBuildPhase;
			buildActionMask = 2147483647;
			files = (
				C54DD1121F064D3C00E8CDFA /* NSObject+MJCoding.m in Sources */,
				C54DD1101F064D3C00E8CDFA /* MJPropertyType.m in Sources */,
				C56DD5081F0CBF7600018F58 /* MKRed_VC.m in Sources */,
				C54DD10C1F064D3C00E8CDFA /* MJExtensionConst.m in Sources */,
				C54DD10F1F064D3C00E8CDFA /* MJPropertyKey.m in Sources */,
				C56DD50E1F0CBFC800018F58 /* MKSBGray_VC.m in Sources */,
				C54DD1131F064D3C00E8CDFA /* NSObject+MJKeyValue.m in Sources */,
				C54DD0A61F039CD800E8CDFA /* MKDemo_VC.m in Sources */,
				C54DD10D1F064D3C00E8CDFA /* MJFoundation.m in Sources */,
				C54DD1151F064D3C00E8CDFA /* NSString+MJExtension.m in Sources */,
				C56DD5211F0F89A500018F58 /* MKWebView_VC.m in Sources */,
				C56DD5071F0CBF7600018F58 /* MKBlue_VC.m in Sources */,
				C54DD10E1F064D3C00E8CDFA /* MJProperty.m in Sources */,
				C56DD50B1F0CBFAC00018F58 /* MKSBGreen_VC.m in Sources */,
				C56DD4ED1F0CBC0A00018F58 /* MKRouter.m in Sources */,
				C56DD5141F0CDD6000018F58 /* NSObject+MKJsonAdd.m in Sources */,
				C54DD0A31F039CD800E8CDFA /* AppDelegate.m in Sources */,
				C56DD5111F0CD5C200018F58 /* MKTestModel.m in Sources */,
				C54DD1141F064D3C00E8CDFA /* NSObject+MJProperty.m in Sources */,
				C56DD4F31F0CBC1C00018F58 /* MKRouterHelper.m in Sources */,
				C54DD0A01F039CD800E8CDFA /* main.m in Sources */,
				C56DD5061F0CBF7600018F58 /* MKBase_VC.m in Sources */,
				C54DD1111F064D3C00E8CDFA /* NSObject+MJClass.m in Sources */,
				C56DD4F41F0CBC1C00018F58 /* MKUITools.m in Sources */,
			);
			runOnlyForDeploymentPostprocessing = 0;
		};
		C54DD0B01F039CD900E8CDFA /* Sources */ = {
			isa = PBXSourcesBuildPhase;
			buildActionMask = 2147483647;
			files = (
				C54DD0B91F039CD900E8CDFA /* MKRouterDemoTests.m in Sources */,
			);
			runOnlyForDeploymentPostprocessing = 0;
		};
		C54DD0BB1F039CD900E8CDFA /* Sources */ = {
			isa = PBXSourcesBuildPhase;
			buildActionMask = 2147483647;
			files = (
				C54DD0C41F039CD900E8CDFA /* MKRouterDemoUITests.m in Sources */,
			);
			runOnlyForDeploymentPostprocessing = 0;
		};
/* End PBXSourcesBuildPhase section */

/* Begin PBXTargetDependency section */
		C54DD0B61F039CD900E8CDFA /* PBXTargetDependency */ = {
			isa = PBXTargetDependency;
			target = C54DD09A1F039CD800E8CDFA /* MKRouterDemo */;
			targetProxy = C54DD0B51F039CD900E8CDFA /* PBXContainerItemProxy */;
		};
		C54DD0C11F039CD900E8CDFA /* PBXTargetDependency */ = {
			isa = PBXTargetDependency;
			target = C54DD09A1F039CD800E8CDFA /* MKRouterDemo */;
			targetProxy = C54DD0C01F039CD900E8CDFA /* PBXContainerItemProxy */;
		};
/* End PBXTargetDependency section */

/* Begin PBXVariantGroup section */
		C54DD0A71F039CD800E8CDFA /* Main.storyboard */ = {
			isa = PBXVariantGroup;
			children = (
				C54DD0A81F039CD800E8CDFA /* Base */,
			);
			name = Main.storyboard;
			sourceTree = "<group>";
		};
		C54DD0AC1F039CD800E8CDFA /* LaunchScreen.storyboard */ = {
			isa = PBXVariantGroup;
			children = (
				C54DD0AD1F039CD800E8CDFA /* Base */,
			);
			name = LaunchScreen.storyboard;
			sourceTree = "<group>";
		};
/* End PBXVariantGroup section */

/* Begin XCBuildConfiguration section */
		C54DD0C61F039CD900E8CDFA /* Debug */ = {
			isa = XCBuildConfiguration;
			buildSettings = {
				ALWAYS_SEARCH_USER_PATHS = NO;
				CLANG_ANALYZER_NONNULL = YES;
				CLANG_ANALYZER_NUMBER_OBJECT_CONVERSION = YES_AGGRESSIVE;
				CLANG_CXX_LANGUAGE_STANDARD = "gnu++0x";
				CLANG_CXX_LIBRARY = "libc++";
				CLANG_ENABLE_MODULES = YES;
				CLANG_ENABLE_OBJC_ARC = YES;
				CLANG_WARN_BOOL_CONVERSION = YES;
				CLANG_WARN_CONSTANT_CONVERSION = YES;
				CLANG_WARN_DIRECT_OBJC_ISA_USAGE = YES_ERROR;
				CLANG_WARN_DOCUMENTATION_COMMENTS = YES;
				CLANG_WARN_EMPTY_BODY = YES;
				CLANG_WARN_ENUM_CONVERSION = YES;
				CLANG_WARN_INFINITE_RECURSION = YES;
				CLANG_WARN_INT_CONVERSION = YES;
				CLANG_WARN_OBJC_ROOT_CLASS = YES_ERROR;
				CLANG_WARN_SUSPICIOUS_MOVE = YES;
				CLANG_WARN_UNREACHABLE_CODE = YES;
				CLANG_WARN__DUPLICATE_METHOD_MATCH = YES;
				"CODE_SIGN_IDENTITY[sdk=iphoneos*]" = "iPhone Developer";
				COPY_PHASE_STRIP = NO;
				DEBUG_INFORMATION_FORMAT = dwarf;
				ENABLE_STRICT_OBJC_MSGSEND = YES;
				ENABLE_TESTABILITY = YES;
				GCC_C_LANGUAGE_STANDARD = gnu99;
				GCC_DYNAMIC_NO_PIC = NO;
				GCC_NO_COMMON_BLOCKS = YES;
				GCC_OPTIMIZATION_LEVEL = 0;
				GCC_PREPROCESSOR_DEFINITIONS = (
					"DEBUG=1",
					"$(inherited)",
				);
				GCC_WARN_64_TO_32_BIT_CONVERSION = YES;
				GCC_WARN_ABOUT_RETURN_TYPE = YES_ERROR;
				GCC_WARN_UNDECLARED_SELECTOR = YES;
				GCC_WARN_UNINITIALIZED_AUTOS = YES_AGGRESSIVE;
				GCC_WARN_UNUSED_FUNCTION = YES;
				GCC_WARN_UNUSED_VARIABLE = YES;
				IPHONEOS_DEPLOYMENT_TARGET = 10.3;
				MTL_ENABLE_DEBUG_INFO = YES;
				ONLY_ACTIVE_ARCH = YES;
				SDKROOT = iphoneos;
				TARGETED_DEVICE_FAMILY = "1,2";
			};
			name = Debug;
		};
		C54DD0C71F039CD900E8CDFA /* Release */ = {
			isa = XCBuildConfiguration;
			buildSettings = {
				ALWAYS_SEARCH_USER_PATHS = NO;
				CLANG_ANALYZER_NONNULL = YES;
				CLANG_ANALYZER_NUMBER_OBJECT_CONVERSION = YES_AGGRESSIVE;
				CLANG_CXX_LANGUAGE_STANDARD = "gnu++0x";
				CLANG_CXX_LIBRARY = "libc++";
				CLANG_ENABLE_MODULES = YES;
				CLANG_ENABLE_OBJC_ARC = YES;
				CLANG_WARN_BOOL_CONVERSION = YES;
				CLANG_WARN_CONSTANT_CONVERSION = YES;
				CLANG_WARN_DIRECT_OBJC_ISA_USAGE = YES_ERROR;
				CLANG_WARN_DOCUMENTATION_COMMENTS = YES;
				CLANG_WARN_EMPTY_BODY = YES;
				CLANG_WARN_ENUM_CONVERSION = YES;
				CLANG_WARN_INFINITE_RECURSION = YES;
				CLANG_WARN_INT_CONVERSION = YES;
				CLANG_WARN_OBJC_ROOT_CLASS = YES_ERROR;
				CLANG_WARN_SUSPICIOUS_MOVE = YES;
				CLANG_WARN_UNREACHABLE_CODE = YES;
				CLANG_WARN__DUPLICATE_METHOD_MATCH = YES;
				"CODE_SIGN_IDENTITY[sdk=iphoneos*]" = "iPhone Developer";
				COPY_PHASE_STRIP = NO;
				DEBUG_INFORMATION_FORMAT = "dwarf-with-dsym";
				ENABLE_NS_ASSERTIONS = NO;
				ENABLE_STRICT_OBJC_MSGSEND = YES;
				GCC_C_LANGUAGE_STANDARD = gnu99;
				GCC_NO_COMMON_BLOCKS = YES;
				GCC_WARN_64_TO_32_BIT_CONVERSION = YES;
				GCC_WARN_ABOUT_RETURN_TYPE = YES_ERROR;
				GCC_WARN_UNDECLARED_SELECTOR = YES;
				GCC_WARN_UNINITIALIZED_AUTOS = YES_AGGRESSIVE;
				GCC_WARN_UNUSED_FUNCTION = YES;
				GCC_WARN_UNUSED_VARIABLE = YES;
				IPHONEOS_DEPLOYMENT_TARGET = 10.3;
				MTL_ENABLE_DEBUG_INFO = NO;
				SDKROOT = iphoneos;
				TARGETED_DEVICE_FAMILY = "1,2";
				VALIDATE_PRODUCT = YES;
			};
			name = Release;
		};
		C54DD0C91F039CD900E8CDFA /* Debug */ = {
			isa = XCBuildConfiguration;
			buildSettings = {
				ASSETCATALOG_COMPILER_APPICON_NAME = AppIcon;
				DEVELOPMENT_TEAM = SU5VNK39CL;
				INFOPLIST_FILE = MKRouterDemo/Info.plist;
				IPHONEOS_DEPLOYMENT_TARGET = 8.0;
				LD_RUNPATH_SEARCH_PATHS = "$(inherited) @executable_path/Frameworks";
				PRODUCT_BUNDLE_IDENTIFIER = com.mk.MKRouterDemo;
				PRODUCT_NAME = "$(TARGET_NAME)";
			};
			name = Debug;
		};
		C54DD0CA1F039CD900E8CDFA /* Release */ = {
			isa = XCBuildConfiguration;
			buildSettings = {
				ASSETCATALOG_COMPILER_APPICON_NAME = AppIcon;
				DEVELOPMENT_TEAM = SU5VNK39CL;
				INFOPLIST_FILE = MKRouterDemo/Info.plist;
				IPHONEOS_DEPLOYMENT_TARGET = 8.0;
				LD_RUNPATH_SEARCH_PATHS = "$(inherited) @executable_path/Frameworks";
				PRODUCT_BUNDLE_IDENTIFIER = com.mk.MKRouterDemo;
				PRODUCT_NAME = "$(TARGET_NAME)";
			};
			name = Release;
		};
		C54DD0CC1F039CD900E8CDFA /* Debug */ = {
			isa = XCBuildConfiguration;
			buildSettings = {
				BUNDLE_LOADER = "$(TEST_HOST)";
				INFOPLIST_FILE = MKRouterDemoTests/Info.plist;
				LD_RUNPATH_SEARCH_PATHS = "$(inherited) @executable_path/Frameworks @loader_path/Frameworks";
				PRODUCT_BUNDLE_IDENTIFIER = com.mk.MKRouterDemoTests;
				PRODUCT_NAME = "$(TARGET_NAME)";
				TEST_HOST = "$(BUILT_PRODUCTS_DIR)/MKRouterDemo.app/MKRouterDemo";
			};
			name = Debug;
		};
		C54DD0CD1F039CD900E8CDFA /* Release */ = {
			isa = XCBuildConfiguration;
			buildSettings = {
				BUNDLE_LOADER = "$(TEST_HOST)";
				INFOPLIST_FILE = MKRouterDemoTests/Info.plist;
				LD_RUNPATH_SEARCH_PATHS = "$(inherited) @executable_path/Frameworks @loader_path/Frameworks";
				PRODUCT_BUNDLE_IDENTIFIER = com.mk.MKRouterDemoTests;
				PRODUCT_NAME = "$(TARGET_NAME)";
				TEST_HOST = "$(BUILT_PRODUCTS_DIR)/MKRouterDemo.app/MKRouterDemo";
			};
			name = Release;
		};
		C54DD0CF1F039CD900E8CDFA /* Debug */ = {
			isa = XCBuildConfiguration;
			buildSettings = {
				INFOPLIST_FILE = MKRouterDemoUITests/Info.plist;
				LD_RUNPATH_SEARCH_PATHS = "$(inherited) @executable_path/Frameworks @loader_path/Frameworks";
				PRODUCT_BUNDLE_IDENTIFIER = com.mk.MKRouterDemoUITests;
				PRODUCT_NAME = "$(TARGET_NAME)";
				TEST_TARGET_NAME = MKRouterDemo;
			};
			name = Debug;
		};
		C54DD0D01F039CD900E8CDFA /* Release */ = {
			isa = XCBuildConfiguration;
			buildSettings = {
				INFOPLIST_FILE = MKRouterDemoUITests/Info.plist;
				LD_RUNPATH_SEARCH_PATHS = "$(inherited) @executable_path/Frameworks @loader_path/Frameworks";
				PRODUCT_BUNDLE_IDENTIFIER = com.mk.MKRouterDemoUITests;
				PRODUCT_NAME = "$(TARGET_NAME)";
				TEST_TARGET_NAME = MKRouterDemo;
			};
			name = Release;
		};
/* End XCBuildConfiguration section */

/* Begin XCConfigurationList section */
		C54DD0961F039CD800E8CDFA /* Build configuration list for PBXProject "MKRouterDemo" */ = {
			isa = XCConfigurationList;
			buildConfigurations = (
				C54DD0C61F039CD900E8CDFA /* Debug */,
				C54DD0C71F039CD900E8CDFA /* Release */,
			);
			defaultConfigurationIsVisible = 0;
			defaultConfigurationName = Release;
		};
		C54DD0C81F039CD900E8CDFA /* Build configuration list for PBXNativeTarget "MKRouterDemo" */ = {
			isa = XCConfigurationList;
			buildConfigurations = (
				C54DD0C91F039CD900E8CDFA /* Debug */,
				C54DD0CA1F039CD900E8CDFA /* Release */,
			);
			defaultConfigurationIsVisible = 0;
			defaultConfigurationName = Release;
		};
		C54DD0CB1F039CD900E8CDFA /* Build configuration list for PBXNativeTarget "MKRouterDemoTests" */ = {
			isa = XCConfigurationList;
			buildConfigurations = (
				C54DD0CC1F039CD900E8CDFA /* Debug */,
				C54DD0CD1F039CD900E8CDFA /* Release */,
			);
			defaultConfigurationIsVisible = 0;
			defaultConfigurationName = Release;
		};
		C54DD0CE1F039CD900E8CDFA /* Build configuration list for PBXNativeTarget "MKRouterDemoUITests" */ = {
			isa = XCConfigurationList;
			buildConfigurations = (
				C54DD0CF1F039CD900E8CDFA /* Debug */,
				C54DD0D01F039CD900E8CDFA /* Release */,
			);
			defaultConfigurationIsVisible = 0;
			defaultConfigurationName = Release;
		};
/* End XCConfigurationList section */
	};
	rootObject = C54DD0931F039CD800E8CDFA /* Project object */;
}
